{
  "name": "food-health-frontend",
  "version": "0.1.0",
  "lockfileVersion": 3,
  "requires": true,
  "packages": {
    "": {
      "name": "food-health-frontend",
      "version": "0.1.0",
      "dependencies": {
        "firebase": "^10.0.0",
        "lodash": "^4.17.21",
        "next": "14.1.4",
        "react": "18.2.0",
        "react-dom": "18.2.0"
      },
      "devDependencies": {
        "@types/lodash": "^4.14.195",
        "@types/node": "^20.0.0",
        "@types/react": "18.2.0",
        "@types/react-dom": "18.2.0",
        "typescript": "5.3.3"
      }
    }
  },
  "dependencies": {
    "@firebase/analytics": {
      "version": "0.10.8"
    },
    "@firebase/analytics-compat": {
      "version": "0.2.14"
    },
    "@firebase/app": {
      "version": "0.10.13"
    },
    "@firebase/app-check": {
      "version": "0.8.8"
    },
    "@firebase/app-check-compat": {
      "version": "0.3.15"
    },
    "@firebase/app-compat": {
      "version": "0.2.43"
    },
    "@firebase/app-types": {
      "version": "0.9.2"
    },
    "@firebase/auth": {
      "version": "1.7.9"
    },
    "@firebase/auth-compat": {
      "version": "0.5.14"
    },
    "@firebase/component": {
      "version": "0.6.9"
    },
    "@firebase/data-connect": {
      "version": "0.1.0"
    },
    "@firebase/database": {
      "version": "1.0.8"
    },
    "@firebase/database-compat": {
      "version": "1.0.8"
    },
    "@firebase/firestore": {
      "version": "4.7.3"
    },
    "@firebase/firestore-compat": {
      "version": "0.3.38"
    },
    "@firebase/functions": {
      "version": "0.11.8"
    },
    "@firebase/functions-compat": {
      "version": "0.3.14"
    },
    "@firebase/installations": {
      "version": "0.6.9"
    },
    "@firebase/installations-compat": {
      "version": "0.2.9"
    },
    "@firebase/logger": {
      "version": "0.4.2"
    },
    "@firebase/messaging": {
      "version": "0.12.12"
    },
    "@firebase/messaging-compat": {
      "version": "0.2.12"
    },
    "@firebase/performance": {
      "version": "0.6.9"
    },
    "@firebase/performance-compat": {
      "version": "0.2.9"
    },
    "@firebase/remote-config": {
      "version": "0.4.9"
    },
    "@firebase/remote-config-compat": {
      "version": "0.2.9"
    },
    "@firebase/storage": {
      "version": "0.13.2"
    },
    "@firebase/storage-compat": {
      "version": "0.3.12"
    },
    "@firebase/util": {
      "version": "1.10.0"
    },
    "@firebase/vertexai-preview": {
      "version": "0.0.4"
    },
    "@grpc/grpc-js": {
      "version": "1.9.15"
    },
    "@grpc/proto-loader": {
      "version": "0.7.13"
    },
    "@next/env": {
      "version": "14.1.4"
    },
    "@next/swc-darwin-arm64": {
      "version": "14.1.4"
    },
    "@next/swc-darwin-x64": {
      "version": "14.1.4"
    },
    "@next/swc-linux-arm64-gnu": {
      "version": "14.1.4"
    },
    "@next/swc-linux-arm64-musl": {
      "version": "14.1.4"
    },
    "@next/swc-linux-x64-gnu": {
      "version": "14.1.4"
    },
    "@next/swc-linux-x64-musl": {
      "version": "14.1.4"
    },
    "@next/swc-win32-arm64-msvc": {
      "version": "14.1.4"
    },
    "@next/swc-win32-ia32-msvc": {
      "version": "14.1.4"
    },
    "@next/swc-win32-x64-msvc": {
      "version": "14.1.4"
    },
    "@swc/helpers": {
      "version": "0.5.2"
    },
    "@types/lodash": {
      "version": "4.17.14",
      "dev": true
    },
    "@types/node": {
      "version": "20.17.13"
    },
    "@types/prop-types": {
      "version": "15.7.14",
      "dev": true
    },
    "@types/react": {
      "version": "18.2.0",
      "dev": true
    },
    "@types/react-dom": {
      "version": "18.2.0",
      "dev": true
    },
    "@types/scheduler": {
      "version": "0.23.0",
      "dev": true
    },
    "ansi-regex": {
      "version": "5.0.1"
    },
    "ansi-styles": {
      "version": "4.3.0"
    },
    "busboy": {
      "version": "1.6.0"
    },
    "caniuse-lite": {
      "version": "1.0.30001692"
    },
    "client-only": {
      "version": "0.0.1"
    },
    "cliui": {
      "version": "8.0.1"
    },
    "color-convert": {
      "version": "2.0.1"
    },
    "color-name": {
      "version": "1.1.4"
    },
    "csstype": {
      "version": "3.1.3",
      "dev": true
    },
    "emoji-regex": {
      "version": "8.0.0"
    },
    "escalade": {
      "version": "3.2.0"
    },
    "faye-websocket": {
      "version": "0.11.4"
    },
    "firebase": {
      "version": "10.14.1"
    },
    "get-caller-file": {
      "version": "2.0.5"
    },
    "graceful-fs": {
      "version": "4.2.11"
    },
    "http-parser-js": {
      "version": "0.5.9"
    },
    "idb": {
      "version": "7.1.1"
    },
    "is-fullwidth-code-point": {
      "version": "3.0.0"
    },
    "js-tokens": {
      "version": "4.0.0"
    },
    "lodash": {
      "version": "4.17.21"
    },
    "lodash.camelcase": {
      "version": "4.3.0"
    },
    "long": {
      "version": "5.2.4"
    },
    "loose-envify": {
      "version": "1.4.0"
    },
    "nanoid": {
      "version": "3.3.8"
    },
    "next": {
      "version": "14.1.4"
    },
    "picocolors": {
      "version": "1.1.1"
    },
    "postcss": {
      "version": "8.4.31"
    },
    "protobufjs": {
      "version": "7.4.0"
    },
    "react": {
      "version": "18.2.0"
    },
    "react-dom": {
      "version": "18.2.0"
    },
    "require-directory": {
      "version": "2.1.1"
    },
    "safe-buffer": {
      "version": "5.2.1"
    },
    "scheduler": {
      "version": "0.23.0"
    },
    "source-map-js": {
      "version": "1.2.1"
    },
    "streamsearch": {
      "version": "1.1.0"
    },
    "string-width": {
      "version": "4.2.3"
    },
    "strip-ansi": {
      "version": "6.0.1"
    },
    "styled-jsx": {
      "version": "5.1.1"
    },
    "tslib": {
      "version": "2.8.1"
    },
    "typescript": {
      "version": "5.3.3",
      "dev": true
    },
    "undici": {
      "version": "6.19.7"
    },
    "undici-types": {
      "version": "6.19.8"
    },
    "websocket-driver": {
      "version": "0.7.4"
    },
    "websocket-extensions": {
      "version": "0.1.4"
    },
    "wrap-ansi": {
      "version": "7.0.0"
    },
    "y18n": {
      "version": "5.0.8"
    },
    "yargs": {
      "version": "17.7.2"
    },
    "yargs-parser": {
      "version": "21.1.1"
    }
  }
}